
Microsoft Visual Studio Solution File, Format Version 11.00
# Visual C# Express 2010
Project("{FAE04EC0-301F-11D3-BF4B-00C04F79EFBC}") = "DataCaptureMultipleKinect", "DataCaptureMultipleKinect.csproj", "{C9A4DE16-C4F0-4997-A15F-4764AA44C0B7}"
	ProjectSection(ProjectDependencies) = postProject
		{C6F9C31B-6130-4443-A5CC-EF0664552ECD} = {C6F9C31B-6130-4443-A5CC-EF0664552ECD}
		{58851747-F078-44E1-94B0-99EF065B3319} = {58851747-F078-44E1-94B0-99EF065B3319}
	EndProjectSection
EndProject
Project("{FAE04EC0-301F-11D3-BF4B-00C04F79EFBC}") = "Microsoft.Kinect.Toolkit.Fusion", "Microsoft.Kinect.Toolkit.Fusion\Microsoft.Kinect.Toolkit.Fusion.csproj", "{58851747-F078-44E1-94B0-99EF065B3319}"
EndProject
Project("{FAE04EC0-301F-11D3-BF4B-00C04F79EFBC}") = "Microsoft.Kinect.Toolkit", "Microsoft.Kinect.Toolkit\Microsoft.Kinect.Toolkit.csproj", "{C6F9C31B-6130-4443-A5CC-EF0664552ECD}"
EndProject
Global
	GlobalSection(SolutionConfigurationPlatforms) = preSolution
		Debug|Any CPU = Debug|Any CPU
		Release|Any CPU = Release|Any CPU
	EndGlobalSection
	GlobalSection(ProjectConfigurationPlatforms) = postSolution
		{C9A4DE16-C4F0-4997-A15F-4764AA44C0B7}.Debug|Any CPU.ActiveCfg = Debug|Any CPU
		{C9A4DE16-C4F0-4997-A15F-4764AA44C0B7}.Debug|Any CPU.Build.0 = Debug|Any CPU
		{C9A4DE16-C4F0-4997-A15F-4764AA44C0B7}.Release|Any CPU.ActiveCfg = Release|Any CPU
		{C9A4DE16-C4F0-4997-A15F-4764AA44C0B7}.Release|Any CPU.Build.0 = Release|Any CPU
		{58851747-F078-44E1-94B0-99EF065B3319}.Debug|Any CPU.ActiveCfg = Debug|Any CPU
		{58851747-F078-44E1-94B0-99EF065B3319}.Debug|Any CPU.Build.0 = Debug|Any CPU
		{58851747-F078-44E1-94B0-99EF065B3319}.Release|Any CPU.ActiveCfg = Release|Any CPU
		{58851747-F078-44E1-94B0-99EF065B3319}.Release|Any CPU.Build.0 = Release|Any CPU
		{C6F9C31B-6130-4443-A5CC-EF0664552ECD}.Debug|Any CPU.ActiveCfg = Debug|Any CPU
		{C6F9C31B-6130-4443-A5CC-EF0664552ECD}.Debug|Any CPU.Build.0 = Debug|Any CPU
		{C6F9C31B-6130-4443-A5CC-EF0664552ECD}.Release|Any CPU.ActiveCfg = Release|Any CPU
		{C6F9C31B-6130-4443-A5CC-EF0664552ECD}.Release|Any CPU.Build.0 = Release|Any CPU
	EndGlobalSection
	GlobalSection(SolutionProperties) = preSolution
		HideSolutionNode = FALSE
	EndGlobalSection
EndGlobal
